
Microsoft Visual Studio Solution File, Format Version 12.00
# Visual Studio Version 16
VisualStudioVersion = 16.0.31220.234
MinimumVisualStudioVersion = 10.0.40219.1
Project("{8BC9CEB8-8B4A-11D0-8D11-00A0C91BC942}") = "graph_test", "graph_test.vcxproj", "{997E0757-EA74-4A4E-A0FC-47D8C8831A15}"
EndProject
Global
	GlobalSection(SolutionConfigurationPlatforms) = preSolution
		Debug|x64 = Debug|x64
		Debug|x86 = Debug|x86
		Release|x64 = Release|x64
		Release|x86 = Release|x86
	EndGlobalSection
	GlobalSection(ProjectConfigurationPlatforms) = postSolution
		{997E0757-EA74-4A4E-A0FC-47D8C8831A15}.Debug|x64.ActiveCfg = Debug|x64
		{997E0757-EA74-4A4E-A0FC-47D8C8831A15}.Debug|x64.Build.0 = Debug|x64
		{997E0757-EA74-4A4E-A0FC-47D8C8831A15}.Debug|x86.ActiveCfg = Debug|x64
		{997E0757-EA74-4A4E-A0FC-47D8C8831A15}.Release|x64.ActiveCfg = Release|x64
		{997E0757-EA74-4A4E-A0FC-47D8C8831A15}.Release|x64.Build.0 = Release|x64
		{997E0757-EA74-4A4E-A0FC-47D8C8831A15}.Release|x86.ActiveCfg = Release|x64
	EndGlobalSection
	GlobalSection(SolutionProperties) = preSolution
		HideSolutionNode = FALSE
	EndGlobalSection
	GlobalSection(ExtensibilityGlobals) = postSolution
		SolutionGuid = {AE0D9249-7B82-4C05-8512-AC0A63ADA062}
	EndGlobalSection
EndGlobal
